// !$*UTF8*$!
{
	archiveVersion = 1;
	classes = {
	};
	objectVersion = 46;
	objects = {

/* Begin PBXBuildFile section */
		522B24A016E2239400A660C0 /* UIKit.framework in Frameworks */ = {isa = PBXBuildFile; fileRef = 522B249F16E2239400A660C0 /* UIKit.framework */; };
		522B24A216E2239400A660C0 /* Foundation.framework in Frameworks */ = {isa = PBXBuildFile; fileRef = 522B24A116E2239400A660C0 /* Foundation.framework */; };
		522B24A416E2239400A660C0 /* CoreGraphics.framework in Frameworks */ = {isa = PBXBuildFile; fileRef = 522B24A316E2239400A660C0 /* CoreGraphics.framework */; };
		522B24AA16E2239400A660C0 /* InfoPlist.strings in Resources */ = {isa = PBXBuildFile; fileRef = 522B24A816E2239400A660C0 /* InfoPlist.strings */; };
		522B24AC16E2239400A660C0 /* main.m in Sources */ = {isa = PBXBuildFile; fileRef = 522B24AB16E2239400A660C0 /* main.m */; };
		522B24B016E2239400A660C0 /* AppDelegate.m in Sources */ = {isa = PBXBuildFile; fileRef = 522B24AF16E2239400A660C0 /* AppDelegate.m */; };
		522B24B216E2239400A660C0 /* Default.png in Resources */ = {isa = PBXBuildFile; fileRef = 522B24B116E2239400A660C0 /* Default.png */; };
		522B24B416E2239400A660C0 /* Default@2x.png in Resources */ = {isa = PBXBuildFile; fileRef = 522B24B316E2239400A660C0 /* Default@2x.png */; };
		522B24B616E2239400A660C0 /* Default-568h@2x.png in Resources */ = {isa = PBXBuildFile; fileRef = 522B24B516E2239400A660C0 /* Default-568h@2x.png */; };
		522B24BD16E223D000A660C0 /* iAd.framework in Frameworks */ = {isa = PBXBuildFile; fileRef = 522B24BC16E223D000A660C0 /* iAd.framework */; };
		52A926DC16EB321900BDBEC2 /* FoodLB.m in Sources */ = {isa = PBXBuildFile; fileRef = 52A926DB16EB321900BDBEC2 /* FoodLB.m */; };
		52A926E716EB625600BDBEC2 /* FoodListCell.m in Sources */ = {isa = PBXBuildFile; fileRef = 52A926E616EB625600BDBEC2 /* FoodListCell.m */; };
		52E32C2D16E23EC5001EE6CD /* BaseiAdViewController.m in Sources */ = {isa = PBXBuildFile; fileRef = 52E32C2C16E23EC5001EE6CD /* BaseiAdViewController.m */; };
		52E32C3016E23F07001EE6CD /* FoodListController.m in Sources */ = {isa = PBXBuildFile; fileRef = 52E32C2F16E23F07001EE6CD /* FoodListController.m */; };
		52E32C3316E241E4001EE6CD /* EditFoodController.m in Sources */ = {isa = PBXBuildFile; fileRef = 52E32C3216E241E4001EE6CD /* EditFoodController.m */; };
		52E32C4216E266C1001EE6CD /* fmdb.xcodeproj in Resources */ = {isa = PBXBuildFile; fileRef = 52E32C4116E266C1001EE6CD /* fmdb.xcodeproj */; };
		52E32C4616E267C9001EE6CD /* DMFood.m in Sources */ = {isa = PBXBuildFile; fileRef = 52E32C4516E267C9001EE6CD /* DMFood.m */; };
		52E32C4916E26E80001EE6CD /* SelectController.m in Sources */ = {isa = PBXBuildFile; fileRef = 52E32C4816E26E80001EE6CD /* SelectController.m */; };
		52E32C5316E329B4001EE6CD /* QuartzCore.framework in Frameworks */ = {isa = PBXBuildFile; fileRef = 52E32C5216E329B4001EE6CD /* QuartzCore.framework */; };
		E42CF17816E5BCD200A79479 /* libsqlite3.dylib in Frameworks */ = {isa = PBXBuildFile; fileRef = E42CF17716E5BCD200A79479 /* libsqlite3.dylib */; };
		E451101A16E4C97700DE2B46 /* BaseDAO.m in Sources */ = {isa = PBXBuildFile; fileRef = E451101416E4C97700DE2B46 /* BaseDAO.m */; };
		E451101B16E4C97700DE2B46 /* DataBaseManager.m in Sources */ = {isa = PBXBuildFile; fileRef = E451101716E4C97700DE2B46 /* DataBaseManager.m */; };
		E451101C16E4C97700DE2B46 /* DatabaseTablesSingleton.m in Sources */ = {isa = PBXBuildFile; fileRef = E451101916E4C97700DE2B46 /* DatabaseTablesSingleton.m */; };
		E451102016E4CAB000DE2B46 /* RCLog.m in Sources */ = {isa = PBXBuildFile; fileRef = E451101F16E4CAB000DE2B46 /* RCLog.m */; };
		E4975D9C16E767F500D9307A /* libFMDB.a in Frameworks */ = {isa = PBXBuildFile; fileRef = 52E3E5CE16E33AC600485FAA /* libFMDB.a */; };
		E4975D9F16E77C8E00D9307A /* FoodDAO.m in Sources */ = {isa = PBXBuildFile; fileRef = E4975D9E16E77C8D00D9307A /* FoodDAO.m */; };
/* End PBXBuildFile section */

/* Begin PBXContainerItemProxy section */
		52E3E5CB16E33AC600485FAA /* PBXContainerItemProxy */ = {
			isa = PBXContainerItemProxy;
			containerPortal = 52E32C4116E266C1001EE6CD /* fmdb.xcodeproj */;
			proxyType = 2;
			remoteGlobalIDString = 8DD76FA10486AA7600D96B5E;
			remoteInfo = fmdb;
		};
		52E3E5CD16E33AC600485FAA /* PBXContainerItemProxy */ = {
			isa = PBXContainerItemProxy;
			containerPortal = 52E32C4116E266C1001EE6CD /* fmdb.xcodeproj */;
			proxyType = 2;
			remoteGlobalIDString = EE4290EF12B42F870088BD94;
			remoteInfo = FMDB;
		};
		E42CF17B16E5BD6000A79479 /* PBXContainerItemProxy */ = {
			isa = PBXContainerItemProxy;
			containerPortal = 52E32C4116E266C1001EE6CD /* fmdb.xcodeproj */;
			proxyType = 1;
			remoteGlobalIDString = EE4290EE12B42F870088BD94;
			remoteInfo = FMDB;
		};
/* End PBXContainerItemProxy section */

/* Begin PBXFileReference section */
		522B249B16E2239400A660C0 /* FoodSelectorApp.app */ = {isa = PBXFileReference; explicitFileType = wrapper.application; includeInIndex = 0; path = FoodSelectorApp.app; sourceTree = BUILT_PRODUCTS_DIR; };
		522B249F16E2239400A660C0 /* UIKit.framework */ = {isa = PBXFileReference; lastKnownFileType = wrapper.framework; name = UIKit.framework; path = System/Library/Frameworks/UIKit.framework; sourceTree = SDKROOT; };
		522B24A116E2239400A660C0 /* Foundation.framework */ = {isa = PBXFileReference; lastKnownFileType = wrapper.framework; name = Foundation.framework; path = System/Library/Frameworks/Foundation.framework; sourceTree = SDKROOT; };
		522B24A316E2239400A660C0 /* CoreGraphics.framework */ = {isa = PBXFileReference; lastKnownFileType = wrapper.framework; name = CoreGraphics.framework; path = System/Library/Frameworks/CoreGraphics.framework; sourceTree = SDKROOT; };
		522B24A716E2239400A660C0 /* FoodSelectorApp-Info.plist */ = {isa = PBXFileReference; lastKnownFileType = text.plist.xml; path = "FoodSelectorApp-Info.plist"; sourceTree = "<group>"; };
		522B24A916E2239400A660C0 /* en */ = {isa = PBXFileReference; lastKnownFileType = text.plist.strings; name = en; path = en.lproj/InfoPlist.strings; sourceTree = "<group>"; };
		522B24AB16E2239400A660C0 /* main.m */ = {isa = PBXFileReference; lastKnownFileType = sourcecode.c.objc; path = main.m; sourceTree = "<group>"; };
		522B24AD16E2239400A660C0 /* FoodSelectorApp-Prefix.pch */ = {isa = PBXFileReference; lastKnownFileType = sourcecode.c.h; path = "FoodSelectorApp-Prefix.pch"; sourceTree = "<group>"; };
		522B24AE16E2239400A660C0 /* AppDelegate.h */ = {isa = PBXFileReference; lastKnownFileType = sourcecode.c.h; path = AppDelegate.h; sourceTree = "<group>"; };
		522B24AF16E2239400A660C0 /* AppDelegate.m */ = {isa = PBXFileReference; lastKnownFileType = sourcecode.c.objc; path = AppDelegate.m; sourceTree = "<group>"; };
		522B24B116E2239400A660C0 /* Default.png */ = {isa = PBXFileReference; lastKnownFileType = image.png; path = Default.png; sourceTree = "<group>"; };
		522B24B316E2239400A660C0 /* Default@2x.png */ = {isa = PBXFileReference; lastKnownFileType = image.png; path = "Default@2x.png"; sourceTree = "<group>"; };
		522B24B516E2239400A660C0 /* Default-568h@2x.png */ = {isa = PBXFileReference; lastKnownFileType = image.png; path = "Default-568h@2x.png"; sourceTree = "<group>"; };
		522B24BC16E223D000A660C0 /* iAd.framework */ = {isa = PBXFileReference; lastKnownFileType = wrapper.framework; name = iAd.framework; path = System/Library/Frameworks/iAd.framework; sourceTree = SDKROOT; };
		52A926DA16EB321900BDBEC2 /* FoodLB.h */ = {isa = PBXFileReference; fileEncoding = 4; lastKnownFileType = sourcecode.c.h; path = FoodLB.h; sourceTree = "<group>"; };
		52A926DB16EB321900BDBEC2 /* FoodLB.m */ = {isa = PBXFileReference; fileEncoding = 4; lastKnownFileType = sourcecode.c.objc; path = FoodLB.m; sourceTree = "<group>"; };
		52A926E516EB625600BDBEC2 /* FoodListCell.h */ = {isa = PBXFileReference; fileEncoding = 4; lastKnownFileType = sourcecode.c.h; path = FoodListCell.h; sourceTree = "<group>"; };
		52A926E616EB625600BDBEC2 /* FoodListCell.m */ = {isa = PBXFileReference; fileEncoding = 4; lastKnownFileType = sourcecode.c.objc; path = FoodListCell.m; sourceTree = "<group>"; };
		52E32C2B16E23EC5001EE6CD /* BaseiAdViewController.h */ = {isa = PBXFileReference; fileEncoding = 4; lastKnownFileType = sourcecode.c.h; path = BaseiAdViewController.h; sourceTree = "<group>"; };
		52E32C2C16E23EC5001EE6CD /* BaseiAdViewController.m */ = {isa = PBXFileReference; fileEncoding = 4; lastKnownFileType = sourcecode.c.objc; path = BaseiAdViewController.m; sourceTree = "<group>"; };
		52E32C2E16E23F07001EE6CD /* FoodListController.h */ = {isa = PBXFileReference; fileEncoding = 4; lastKnownFileType = sourcecode.c.h; path = FoodListController.h; sourceTree = "<group>"; };
		52E32C2F16E23F07001EE6CD /* FoodListController.m */ = {isa = PBXFileReference; fileEncoding = 4; lastKnownFileType = sourcecode.c.objc; path = FoodListController.m; sourceTree = "<group>"; };
		52E32C3116E241E4001EE6CD /* EditFoodController.h */ = {isa = PBXFileReference; fileEncoding = 4; lastKnownFileType = sourcecode.c.h; path = EditFoodController.h; sourceTree = "<group>"; };
		52E32C3216E241E4001EE6CD /* EditFoodController.m */ = {isa = PBXFileReference; fileEncoding = 4; lastKnownFileType = sourcecode.c.objc; path = EditFoodController.m; sourceTree = "<group>"; };
		52E32C4116E266C1001EE6CD /* fmdb.xcodeproj */ = {isa = PBXFileReference; lastKnownFileType = "wrapper.pb-project"; name = fmdb.xcodeproj; path = ../fmdb/fmdb.xcodeproj; sourceTree = "<group>"; };
		52E32C4416E267C9001EE6CD /* DMFood.h */ = {isa = PBXFileReference; fileEncoding = 4; lastKnownFileType = sourcecode.c.h; path = DMFood.h; sourceTree = "<group>"; };
		52E32C4516E267C9001EE6CD /* DMFood.m */ = {isa = PBXFileReference; fileEncoding = 4; lastKnownFileType = sourcecode.c.objc; path = DMFood.m; sourceTree = "<group>"; };
		52E32C4716E26E80001EE6CD /* SelectController.h */ = {isa = PBXFileReference; fileEncoding = 4; lastKnownFileType = sourcecode.c.h; path = SelectController.h; sourceTree = "<group>"; };
		52E32C4816E26E80001EE6CD /* SelectController.m */ = {isa = PBXFileReference; fileEncoding = 4; lastKnownFileType = sourcecode.c.objc; path = SelectController.m; sourceTree = "<group>"; };
		52E32C5216E329B4001EE6CD /* QuartzCore.framework */ = {isa = PBXFileReference; lastKnownFileType = wrapper.framework; name = QuartzCore.framework; path = System/Library/Frameworks/QuartzCore.framework; sourceTree = SDKROOT; };
		E42CF17716E5BCD200A79479 /* libsqlite3.dylib */ = {isa = PBXFileReference; lastKnownFileType = "compiled.mach-o.dylib"; name = libsqlite3.dylib; path = usr/lib/libsqlite3.dylib; sourceTree = SDKROOT; };
		E451101316E4C97700DE2B46 /* BaseDAO.h */ = {isa = PBXFileReference; fileEncoding = 4; lastKnownFileType = sourcecode.c.h; path = BaseDAO.h; sourceTree = "<group>"; };
		E451101416E4C97700DE2B46 /* BaseDAO.m */ = {isa = PBXFileReference; fileEncoding = 4; lastKnownFileType = sourcecode.c.objc; path = BaseDAO.m; sourceTree = "<group>"; };
		E451101516E4C97700DE2B46 /* DatabaseConstants.h */ = {isa = PBXFileReference; fileEncoding = 4; lastKnownFileType = sourcecode.c.h; path = DatabaseConstants.h; sourceTree = "<group>"; };
		E451101616E4C97700DE2B46 /* DataBaseManager.h */ = {isa = PBXFileReference; fileEncoding = 4; lastKnownFileType = sourcecode.c.h; path = DataBaseManager.h; sourceTree = "<group>"; };
		E451101716E4C97700DE2B46 /* DataBaseManager.m */ = {isa = PBXFileReference; fileEncoding = 4; lastKnownFileType = sourcecode.c.objc; path = DataBaseManager.m; sourceTree = "<group>"; };
		E451101816E4C97700DE2B46 /* DatabaseTablesSingleton.h */ = {isa = PBXFileReference; fileEncoding = 4; lastKnownFileType = sourcecode.c.h; path = DatabaseTablesSingleton.h; sourceTree = "<group>"; };
		E451101916E4C97700DE2B46 /* DatabaseTablesSingleton.m */ = {isa = PBXFileReference; fileEncoding = 4; lastKnownFileType = sourcecode.c.objc; path = DatabaseTablesSingleton.m; sourceTree = "<group>"; };
		E451101E16E4CAB000DE2B46 /* RCLog.h */ = {isa = PBXFileReference; fileEncoding = 4; lastKnownFileType = sourcecode.c.h; path = RCLog.h; sourceTree = "<group>"; };
		E451101F16E4CAB000DE2B46 /* RCLog.m */ = {isa = PBXFileReference; fileEncoding = 4; lastKnownFileType = sourcecode.c.objc; path = RCLog.m; sourceTree = "<group>"; };
		E4975D9D16E77C8D00D9307A /* FoodDAO.h */ = {isa = PBXFileReference; fileEncoding = 4; lastKnownFileType = sourcecode.c.h; path = FoodDAO.h; sourceTree = "<group>"; };
		E4975D9E16E77C8D00D9307A /* FoodDAO.m */ = {isa = PBXFileReference; fileEncoding = 4; lastKnownFileType = sourcecode.c.objc; path = FoodDAO.m; sourceTree = "<group>"; };
/* End PBXFileReference section */

/* Begin PBXFrameworksBuildPhase section */
		522B249816E2239400A660C0 /* Frameworks */ = {
			isa = PBXFrameworksBuildPhase;
			buildActionMask = 2147483647;
			files = (
				E4975D9C16E767F500D9307A /* libFMDB.a in Frameworks */,
				E42CF17816E5BCD200A79479 /* libsqlite3.dylib in Frameworks */,
				52E32C5316E329B4001EE6CD /* QuartzCore.framework in Frameworks */,
				522B24BD16E223D000A660C0 /* iAd.framework in Frameworks */,
				522B24A016E2239400A660C0 /* UIKit.framework in Frameworks */,
				522B24A216E2239400A660C0 /* Foundation.framework in Frameworks */,
				522B24A416E2239400A660C0 /* CoreGraphics.framework in Frameworks */,
			);
			runOnlyForDeploymentPostprocessing = 0;
		};
/* End PBXFrameworksBuildPhase section */

/* Begin PBXGroup section */
		522B249016E2239400A660C0 = {
			isa = PBXGroup;
			children = (
				E42CF17716E5BCD200A79479 /* libsqlite3.dylib */,
				522B24DC16E2372700A660C0 /* Dependencies */,
				522B24A516E2239400A660C0 /* FoodSelectorApp */,
				522B249E16E2239400A660C0 /* Frameworks */,
				522B249C16E2239400A660C0 /* Products */,
			);
			sourceTree = "<group>";
		};
		522B249C16E2239400A660C0 /* Products */ = {
			isa = PBXGroup;
			children = (
				522B249B16E2239400A660C0 /* FoodSelectorApp.app */,
			);
			name = Products;
			sourceTree = "<group>";
		};
		522B249E16E2239400A660C0 /* Frameworks */ = {
			isa = PBXGroup;
			children = (
				52E32C5216E329B4001EE6CD /* QuartzCore.framework */,
				522B24BC16E223D000A660C0 /* iAd.framework */,
				522B249F16E2239400A660C0 /* UIKit.framework */,
				522B24A116E2239400A660C0 /* Foundation.framework */,
				522B24A316E2239400A660C0 /* CoreGraphics.framework */,
			);
			name = Frameworks;
			sourceTree = "<group>";
		};
		522B24A516E2239400A660C0 /* FoodSelectorApp */ = {
			isa = PBXGroup;
			children = (
				E451101D16E4CAAF00DE2B46 /* Log */,
				E451101216E4C97700DE2B46 /* DataBase */,
				52E32C2A16E23DCD001EE6CD /* Model */,
				52E32C2916E23DC2001EE6CD /* UI */,
				522B24AE16E2239400A660C0 /* AppDelegate.h */,
				522B24AF16E2239400A660C0 /* AppDelegate.m */,
				522B24A616E2239400A660C0 /* Supporting Files */,
			);
			path = FoodSelectorApp;
			sourceTree = "<group>";
		};
		522B24A616E2239400A660C0 /* Supporting Files */ = {
			isa = PBXGroup;
			children = (
				522B24A716E2239400A660C0 /* FoodSelectorApp-Info.plist */,
				522B24A816E2239400A660C0 /* InfoPlist.strings */,
				522B24AB16E2239400A660C0 /* main.m */,
				522B24AD16E2239400A660C0 /* FoodSelectorApp-Prefix.pch */,
				522B24B116E2239400A660C0 /* Default.png */,
				522B24B316E2239400A660C0 /* Default@2x.png */,
				522B24B516E2239400A660C0 /* Default-568h@2x.png */,
			);
			name = "Supporting Files";
			sourceTree = "<group>";
		};
		522B24DC16E2372700A660C0 /* Dependencies */ = {
			isa = PBXGroup;
			children = (
				52E32C4116E266C1001EE6CD /* fmdb.xcodeproj */,
			);
			name = Dependencies;
			sourceTree = "<group>";
		};
		52E32C2916E23DC2001EE6CD /* UI */ = {
			isa = PBXGroup;
			children = (
				52E32C2B16E23EC5001EE6CD /* BaseiAdViewController.h */,
				52E32C2C16E23EC5001EE6CD /* BaseiAdViewController.m */,
				52E32C2E16E23F07001EE6CD /* FoodListController.h */,
				52E32C2F16E23F07001EE6CD /* FoodListController.m */,
				52E32C3116E241E4001EE6CD /* EditFoodController.h */,
				52E32C3216E241E4001EE6CD /* EditFoodController.m */,
				52E32C4716E26E80001EE6CD /* SelectController.h */,
				52E32C4816E26E80001EE6CD /* SelectController.m */,
				52A926DA16EB321900BDBEC2 /* FoodLB.h */,
				52A926DB16EB321900BDBEC2 /* FoodLB.m */,
				52A926E516EB625600BDBEC2 /* FoodListCell.h */,
				52A926E616EB625600BDBEC2 /* FoodListCell.m */,
			);
			path = UI;
			sourceTree = "<group>";
		};
		52E32C2A16E23DCD001EE6CD /* Model */ = {
			isa = PBXGroup;
			children = (
				52E32C4416E267C9001EE6CD /* DMFood.h */,
				52E32C4516E267C9001EE6CD /* DMFood.m */,
			);
			path = Model;
			sourceTree = "<group>";
		};
		52E3E5C716E33AC600485FAA /* Products */ = {
			isa = PBXGroup;
			children = (
				52E3E5CC16E33AC600485FAA /* fmdb */,
				52E3E5CE16E33AC600485FAA /* libFMDB.a */,
			);
			name = Products;
			sourceTree = "<group>";
		};
		E451101216E4C97700DE2B46 /* DataBase */ = {
			isa = PBXGroup;
			children = (
				E451101316E4C97700DE2B46 /* BaseDAO.h */,
				E451101416E4C97700DE2B46 /* BaseDAO.m */,
				E451101516E4C97700DE2B46 /* DatabaseConstants.h */,
				E451101616E4C97700DE2B46 /* DataBaseManager.h */,
				E451101716E4C97700DE2B46 /* DataBaseManager.m */,
				E451101816E4C97700DE2B46 /* DatabaseTablesSingleton.h */,
				E451101916E4C97700DE2B46 /* DatabaseTablesSingleton.m */,
				E4975D9D16E77C8D00D9307A /* FoodDAO.h */,
				E4975D9E16E77C8D00D9307A /* FoodDAO.m */,
			);
			path = DataBase;
			sourceTree = "<group>";
		};
		E451101D16E4CAAF00DE2B46 /* Log */ = {
			isa = PBXGroup;
			children = (
				E451101E16E4CAB000DE2B46 /* RCLog.h */,
				E451101F16E4CAB000DE2B46 /* RCLog.m */,
			);
			path = Log;
			sourceTree = "<group>";
		};
/* End PBXGroup section */

/* Begin PBXNativeTarget section */
		522B249A16E2239400A660C0 /* FoodSelectorApp */ = {
			isa = PBXNativeTarget;
			buildConfigurationList = 522B24B916E2239400A660C0 /* Build configuration list for PBXNativeTarget "FoodSelectorApp" */;
			buildPhases = (
				522B249716E2239400A660C0 /* Sources */,
				522B249816E2239400A660C0 /* Frameworks */,
				522B249916E2239400A660C0 /* Resources */,
			);
			buildRules = (
			);
			dependencies = (
				E42CF17C16E5BD6000A79479 /* PBXTargetDependency */,
			);
			name = FoodSelectorApp;
			productName = FoodSelectorApp;
			productReference = 522B249B16E2239400A660C0 /* FoodSelectorApp.app */;
			productType = "com.apple.product-type.application";
		};
/* End PBXNativeTarget section */

/* Begin PBXProject section */
		522B249216E2239400A660C0 /* Project object */ = {
			isa = PBXProject;
			attributes = {
				LastUpgradeCheck = 0450;
				ORGANIZATIONNAME = daviad;
			};
			buildConfigurationList = 522B249516E2239400A660C0 /* Build configuration list for PBXProject "FoodSelectorApp" */;
			compatibilityVersion = "Xcode 3.2";
			developmentRegion = English;
			hasScannedForEncodings = 0;
			knownRegions = (
				en,
			);
			mainGroup = 522B249016E2239400A660C0;
			productRefGroup = 522B249C16E2239400A660C0 /* Products */;
			projectDirPath = "";
			projectReferences = (
				{
					ProductGroup = 52E3E5C716E33AC600485FAA /* Products */;
					ProjectRef = 52E32C4116E266C1001EE6CD /* fmdb.xcodeproj */;
				},
			);
			projectRoot = "";
			targets = (
				522B249A16E2239400A660C0 /* FoodSelectorApp */,
			);
		};
/* End PBXProject section */

/* Begin PBXReferenceProxy section */
		52E3E5CC16E33AC600485FAA /* fmdb */ = {
			isa = PBXReferenceProxy;
			fileType = "compiled.mach-o.executable";
			path = fmdb;
			remoteRef = 52E3E5CB16E33AC600485FAA /* PBXContainerItemProxy */;
			sourceTree = BUILT_PRODUCTS_DIR;
		};
		52E3E5CE16E33AC600485FAA /* libFMDB.a */ = {
			isa = PBXReferenceProxy;
			fileType = archive.ar;
			path = libFMDB.a;
			remoteRef = 52E3E5CD16E33AC600485FAA /* PBXContainerItemProxy */;
			sourceTree = BUILT_PRODUCTS_DIR;
		};
/* End PBXReferenceProxy section */

/* Begin PBXResourcesBuildPhase section */
		522B249916E2239400A660C0 /* Resources */ = {
			isa = PBXResourcesBuildPhase;
			buildActionMask = 2147483647;
			files = (
				522B24AA16E2239400A660C0 /* InfoPlist.strings in Resources */,
				522B24B216E2239400A660C0 /* Default.png in Resources */,
				522B24B416E2239400A660C0 /* Default@2x.png in Resources */,
				522B24B616E2239400A660C0 /* Default-568h@2x.png in Resources */,
				52E32C4216E266C1001EE6CD /* fmdb.xcodeproj in Resources */,
			);
			runOnlyForDeploymentPostprocessing = 0;
		};
/* End PBXResourcesBuildPhase section */

/* Begin PBXSourcesBuildPhase section */
		522B249716E2239400A660C0 /* Sources */ = {
			isa = PBXSourcesBuildPhase;
			buildActionMask = 2147483647;
			files = (
				522B24AC16E2239400A660C0 /* main.m in Sources */,
				522B24B016E2239400A660C0 /* AppDelegate.m in Sources */,
				52E32C2D16E23EC5001EE6CD /* BaseiAdViewController.m in Sources */,
				52E32C3016E23F07001EE6CD /* FoodListController.m in Sources */,
				52E32C3316E241E4001EE6CD /* EditFoodController.m in Sources */,
				52E32C4616E267C9001EE6CD /* DMFood.m in Sources */,
				52E32C4916E26E80001EE6CD /* SelectController.m in Sources */,
				E451101A16E4C97700DE2B46 /* BaseDAO.m in Sources */,
				E451101B16E4C97700DE2B46 /* DataBaseManager.m in Sources */,
				E451101C16E4C97700DE2B46 /* DatabaseTablesSingleton.m in Sources */,
				E451102016E4CAB000DE2B46 /* RCLog.m in Sources */,
				E4975D9F16E77C8E00D9307A /* FoodDAO.m in Sources */,
				52A926DC16EB321900BDBEC2 /* FoodLB.m in Sources */,
				52A926E716EB625600BDBEC2 /* FoodListCell.m in Sources */,
			);
			runOnlyForDeploymentPostprocessing = 0;
		};
/* End PBXSourcesBuildPhase section */

/* Begin PBXTargetDependency section */
		E42CF17C16E5BD6000A79479 /* PBXTargetDependency */ = {
			isa = PBXTargetDependency;
			name = FMDB;
			targetProxy = E42CF17B16E5BD6000A79479 /* PBXContainerItemProxy */;
		};
/* End PBXTargetDependency section */

/* Begin PBXVariantGroup section */
		522B24A816E2239400A660C0 /* InfoPlist.strings */ = {
			isa = PBXVariantGroup;
			children = (
				522B24A916E2239400A660C0 /* en */,
			);
			name = InfoPlist.strings;
			sourceTree = "<group>";
		};
/* End PBXVariantGroup section */

/* Begin XCBuildConfiguration section */
		522B24B716E2239400A660C0 /* Debug */ = {
			isa = XCBuildConfiguration;
			buildSettings = {
				ALWAYS_SEARCH_USER_PATHS = NO;
				CLANG_CXX_LANGUAGE_STANDARD = "gnu++0x";
				CLANG_CXX_LIBRARY = "libc++";
				CLANG_ENABLE_OBJC_ARC = YES;
				CLANG_WARN_EMPTY_BODY = YES;
				CLANG_WARN__DUPLICATE_METHOD_MATCH = YES;
				"CODE_SIGN_IDENTITY[sdk=iphoneos*]" = "iPhone Developer";
				COPY_PHASE_STRIP = NO;
				GCC_C_LANGUAGE_STANDARD = gnu99;
				GCC_DYNAMIC_NO_PIC = NO;
				GCC_OPTIMIZATION_LEVEL = 0;
				GCC_PREPROCESSOR_DEFINITIONS = (
					"DEBUG=1",
					"$(inherited)",
				);
				GCC_SYMBOLS_PRIVATE_EXTERN = NO;
				GCC_WARN_ABOUT_RETURN_TYPE = YES;
				GCC_WARN_UNINITIALIZED_AUTOS = YES;
				GCC_WARN_UNUSED_VARIABLE = YES;
				IPHONEOS_DEPLOYMENT_TARGET = 6.0;
				ONLY_ACTIVE_ARCH = YES;
				SDKROOT = iphoneos;
			};
			name = Debug;
		};
		522B24B816E2239400A660C0 /* Release */ = {
			isa = XCBuildConfiguration;
			buildSettings = {
				ALWAYS_SEARCH_USER_PATHS = NO;
				CLANG_CXX_LANGUAGE_STANDARD = "gnu++0x";
				CLANG_CXX_LIBRARY = "libc++";
				CLANG_ENABLE_OBJC_ARC = YES;
				CLANG_WARN_EMPTY_BODY = YES;
				CLANG_WARN__DUPLICATE_METHOD_MATCH = YES;
				"CODE_SIGN_IDENTITY[sdk=iphoneos*]" = "iPhone Developer";
				COPY_PHASE_STRIP = YES;
				GCC_C_LANGUAGE_STANDARD = gnu99;
				GCC_WARN_ABOUT_RETURN_TYPE = YES;
				GCC_WARN_UNINITIALIZED_AUTOS = YES;
				GCC_WARN_UNUSED_VARIABLE = YES;
				IPHONEOS_DEPLOYMENT_TARGET = 6.0;
				OTHER_CFLAGS = "-DNS_BLOCK_ASSERTIONS=1";
				SDKROOT = iphoneos;
				VALIDATE_PRODUCT = YES;
			};
			name = Release;
		};
		522B24BA16E2239400A660C0 /* Debug */ = {
			isa = XCBuildConfiguration;
			buildSettings = {
				"CODE_SIGN_IDENTITY[sdk=iphoneos*]" = "iPhone Developer";
				GCC_PRECOMPILE_PREFIX_HEADER = YES;
				GCC_PREFIX_HEADER = "FoodSelectorApp/FoodSelectorApp-Prefix.pch";
				INFOPLIST_FILE = "FoodSelectorApp/FoodSelectorApp-Info.plist";
				IPHONEOS_DEPLOYMENT_TARGET = 5.0;
				PRODUCT_NAME = "$(TARGET_NAME)";
				"PROVISIONING_PROFILE[sdk=iphoneos*]" = "";
				USER_HEADER_SEARCH_PATHS = "$(SRCROOT)/../fmdb/src/**";
				WRAPPER_EXTENSION = app;
			};
			name = Debug;
		};
		522B24BB16E2239400A660C0 /* Release */ = {
			isa = XCBuildConfiguration;
			buildSettings = {
				"CODE_SIGN_IDENTITY[sdk=iphoneos*]" = "iPhone Developer";
				GCC_PRECOMPILE_PREFIX_HEADER = YES;
				GCC_PREFIX_HEADER = "FoodSelectorApp/FoodSelectorApp-Prefix.pch";
				INFOPLIST_FILE = "FoodSelectorApp/FoodSelectorApp-Info.plist";
				IPHONEOS_DEPLOYMENT_TARGET = 5.0;
				PRODUCT_NAME = "$(TARGET_NAME)";
				"PROVISIONING_PROFILE[sdk=iphoneos*]" = "";
				USER_HEADER_SEARCH_PATHS = "$(SRCROOT)/../fmdb/src/**";
				WRAPPER_EXTENSION = app;
			};
			name = Release;
		};
/* End XCBuildConfiguration section */

/* Begin XCConfigurationList section */
		522B249516E2239400A660C0 /* Build configuration list for PBXProject "FoodSelectorApp" */ = {
			isa = XCConfigurationList;
			buildConfigurations = (
				522B24B716E2239400A660C0 /* Debug */,
				522B24B816E2239400A660C0 /* Release */,
			);
			defaultConfigurationIsVisible = 0;
			defaultConfigurationName = Release;
		};
		522B24B916E2239400A660C0 /* Build configuration list for PBXNativeTarget "FoodSelectorApp" */ = {
			isa = XCConfigurationList;
			buildConfigurations = (
				522B24BA16E2239400A660C0 /* Debug */,
				522B24BB16E2239400A660C0 /* Release */,
			);
			defaultConfigurationIsVisible = 0;
			defaultConfigurationName = Release;
		};
/* End XCConfigurationList section */
	};
	rootObject = 522B249216E2239400A660C0 /* Project object */;
}
